
Microsoft Visual Studio Solution File, Format Version 12.00
# Visual Studio 15
VisualStudioVersion = 15.0.26403.7
MinimumVisualStudioVersion = 10.0.40219.1
Project("{FAE04EC0-301F-11D3-BF4B-00C04F79EFBC}") = "DistanceConversion", "DistanceConversion\DistanceConversion.csproj", "{83359D36-C65C-4480-BD66-7F6844B7805E}"
EndProject
Global
	GlobalSection(SolutionConfigurationPlatforms) = preSolution
		Debug|Any CPU = Debug|Any CPU
		Release|Any CPU = Release|Any CPU
	EndGlobalSection
	GlobalSection(ProjectConfigurationPlatforms) = postSolution
		{83359D36-C65C-4480-BD66-7F6844B7805E}.Debug|Any CPU.ActiveCfg = Debug|Any CPU
		{83359D36-C65C-4480-BD66-7F6844B7805E}.Debug|Any CPU.Build.0 = Debug|Any CPU
		{83359D36-C65C-4480-BD66-7F6844B7805E}.Release|Any CPU.ActiveCfg = Release|Any CPU
		{83359D36-C65C-4480-BD66-7F6844B7805E}.Release|Any CPU.Build.0 = Release|Any CPU
	EndGlobalSection
	GlobalSection(SolutionProperties) = preSolution
		HideSolutionNode = FALSE
	EndGlobalSection
EndGlobal
